
Microsoft Visual Studio Solution File, Format Version 12.00
# Visual Studio Version 17
VisualStudioVersion = 17.14.36301.6
MinimumVisualStudioVersion = 10.0.40219.1
Project("{00D1A9C2-B5F0-4AF3-8072-F6C62B433612}") = "EmployeesDB", "EmployeesDB\EmployeesDB.sqlproj", "{2EACEEB0-7534-4D11-9D3B-A6EB813E3DAC}"
EndProject
Project("{FAE04EC0-301F-11D3-BF4B-00C04F79EFBC}") = "LaroscainWPF", "LaroscainWPF\LaroscainWPF.csproj", "{A71C4DDA-ED8A-415D-B0AA-CE0BFEE0F840}"
EndProject
Global
	GlobalSection(SolutionConfigurationPlatforms) = preSolution
		Debug|Any CPU = Debug|Any CPU
		Release|Any CPU = Release|Any CPU
	EndGlobalSection
	GlobalSection(ProjectConfigurationPlatforms) = postSolution
		{2EACEEB0-7534-4D11-9D3B-A6EB813E3DAC}.Debug|Any CPU.ActiveCfg = Debug|Any CPU
		{2EACEEB0-7534-4D11-9D3B-A6EB813E3DAC}.Debug|Any CPU.Build.0 = Debug|Any CPU
		{2EACEEB0-7534-4D11-9D3B-A6EB813E3DAC}.Debug|Any CPU.Deploy.0 = Debug|Any CPU
		{2EACEEB0-7534-4D11-9D3B-A6EB813E3DAC}.Release|Any CPU.ActiveCfg = Release|Any CPU
		{2EACEEB0-7534-4D11-9D3B-A6EB813E3DAC}.Release|Any CPU.Build.0 = Release|Any CPU
		{2EACEEB0-7534-4D11-9D3B-A6EB813E3DAC}.Release|Any CPU.Deploy.0 = Release|Any CPU
		{A71C4DDA-ED8A-415D-B0AA-CE0BFEE0F840}.Debug|Any CPU.ActiveCfg = Debug|Any CPU
		{A71C4DDA-ED8A-415D-B0AA-CE0BFEE0F840}.Debug|Any CPU.Build.0 = Debug|Any CPU
		{A71C4DDA-ED8A-415D-B0AA-CE0BFEE0F840}.Release|Any CPU.ActiveCfg = Release|Any CPU
		{A71C4DDA-ED8A-415D-B0AA-CE0BFEE0F840}.Release|Any CPU.Build.0 = Release|Any CPU
	EndGlobalSection
	GlobalSection(SolutionProperties) = preSolution
		HideSolutionNode = FALSE
	EndGlobalSection
	GlobalSection(ExtensibilityGlobals) = postSolution
		SolutionGuid = {F8284A49-B08B-4347-B0CF-11B8602593DB}
	EndGlobalSection
EndGlobal
